
Microsoft Visual Studio Solution File, Format Version 10.00
# Visual Studio 2008
Project("{FAE04EC0-301F-11D3-BF4B-00C04F79EFBC}") = "IC.Client.View.Forms", "Client\Main\IC.Client.View.Forms\IC.Client.View.Forms.csproj", "{2B854B1E-0740-4FF2-9594-C1DF510F104A}"
EndProject
Project("{2150E333-8FDC-42A3-9474-1A3956D46DE8}") = "Client", "Client", "{669069DC-DE2D-4D2F-AA43-B2C158CECD5B}"
EndProject
Project("{2150E333-8FDC-42A3-9474-1A3956D46DE8}") = "Tests", "Tests", "{A94D39FF-A659-417C-984F-CCF5646B9A67}"
EndProject
Project("{2150E333-8FDC-42A3-9474-1A3956D46DE8}") = "Plugins", "Plugins", "{35C95664-63B3-4762-9D60-FF3A22AA97F1}"
EndProject
Project("{2150E333-8FDC-42A3-9474-1A3956D46DE8}") = "Main", "Main", "{F960D8FD-AB4F-4228-BF43-CD27A0794A79}"
EndProject
Project("{2150E333-8FDC-42A3-9474-1A3956D46DE8}") = "FormModel", "FormModel", "{5FE9DE08-2DD8-4490-86EE-6E86AE59883D}"
EndProject
Project("{2150E333-8FDC-42A3-9474-1A3956D46DE8}") = "BusinessLogic", "BusinessLogic", "{5B2F864D-AFDC-412A-BCE8-330B3AF3F348}"
EndProject
Project("{2150E333-8FDC-42A3-9474-1A3956D46DE8}") = "Network", "Network", "{9321926D-CABC-4B90-8532-32E3FC178916}"
EndProject
Project("{FAE04EC0-301F-11D3-BF4B-00C04F79EFBC}") = "IC.Client.Plugins.StandartViewPlugin", "Client\Plugins\IC.Client.Plugins.StandartViewPlugin\IC.Client.Plugins.StandartViewPlugin.csproj", "{407C5A1E-8827-4AE1-BBEC-4FF1F17C2D29}"
EndProject
Project("{FAE04EC0-301F-11D3-BF4B-00C04F79EFBC}") = "IC.Client.BusinessLogic", "Client\Main\BusinessLogic\IC.Client.BusinessLogic\IC.Client.BusinessLogic.csproj", "{25EA0D16-9271-4CA5-9C04-6570BE33B207}"
EndProject
Project("{FAE04EC0-301F-11D3-BF4B-00C04F79EFBC}") = "IC.Client.DataLayer", "Client\Main\IC.Client.DataLayer\IC.Client.DataLayer.csproj", "{D2691A14-5A69-4864-B113-D8151ED618B5}"
EndProject
Project("{FAE04EC0-301F-11D3-BF4B-00C04F79EFBC}") = "IC.Client.Network", "Client\Main\Network\IC.Client.Network\IC.Client.Network.csproj", "{10EBC819-CF74-4ED2-9C52-35721E5C9592}"
EndProject
Project("{FAE04EC0-301F-11D3-BF4B-00C04F79EFBC}") = "IC.Client.View.Components", "Client\Main\IC.Client.View.Components\IC.Client.View.Components.csproj", "{084AAA36-1C52-4AF6-885C-9CDA53E70C73}"
EndProject
Project("{FAE04EC0-301F-11D3-BF4B-00C04F79EFBC}") = "IC.Client.View.TestForm", "Client\IC.Client.View.TestForm\IC.Client.View.TestForm.csproj", "{047347BC-E2DB-42CD-A7DA-7D1BDCD946ED}"
EndProject
Project("{FAE04EC0-301F-11D3-BF4B-00C04F79EFBC}") = "IC.Client.Plugins.Terminal.HardKeys", "Client\Plugins\IC.Client.Terminal.HardKeys\IC.Client.Plugins.Terminal.HardKeys.csproj", "{1F4EB1C2-062F-4022-9440-C6DFD38F2423}"
EndProject
Project("{FAE04EC0-301F-11D3-BF4B-00C04F79EFBC}") = "IC.Client.FormModel", "Client\Main\FormModel\IC.Client.FormModel\IC.Client.FormModel.csproj", "{A07864F0-076E-4754-8FAF-8AD8CCB615D1}"
EndProject
Project("{FAE04EC0-301F-11D3-BF4B-00C04F79EFBC}") = "IC.Client.FormModel.Interfaces", "Client\Main\FormModel\IC.Client.FormModel.Interfaces\IC.Client.FormModel.Interfaces.csproj", "{926A0A40-F51B-4588-AB89-2921D841BB64}"
EndProject
Project("{FAE04EC0-301F-11D3-BF4B-00C04F79EFBC}") = "IC.Client.FormModel.Base", "Client\Main\FormModel\IC.Client.FormModel.Base\IC.Client.FormModel.Base.csproj", "{4346D586-58DA-4DAC-9D7A-07770FD3BE52}"
EndProject
Project("{FAE04EC0-301F-11D3-BF4B-00C04F79EFBC}") = "IC.Client.BusinessLogic.Interfaces", "Client\Main\BusinessLogic\IC.Client.BusinessLogic.Interfaces\IC.Client.BusinessLogic.Interfaces.csproj", "{EE3F0759-EFA5-4D0F-995E-4B2D43063F86}"
EndProject
Project("{FAE04EC0-301F-11D3-BF4B-00C04F79EFBC}") = "IC.Client.Network.Interfaces", "Client\Main\Network\IC.Client.Network.Interfaces\IC.Client.Network.Interfaces.csproj", "{2A600AA7-6D48-47DC-B3B7-4FE684C2326C}"
EndProject
Global
	GlobalSection(SolutionConfigurationPlatforms) = preSolution
		Debug|Any CPU = Debug|Any CPU
		Release|Any CPU = Release|Any CPU
	EndGlobalSection
	GlobalSection(ProjectConfigurationPlatforms) = postSolution
		{2B854B1E-0740-4FF2-9594-C1DF510F104A}.Debug|Any CPU.ActiveCfg = Debug|Any CPU
		{2B854B1E-0740-4FF2-9594-C1DF510F104A}.Debug|Any CPU.Build.0 = Debug|Any CPU
		{2B854B1E-0740-4FF2-9594-C1DF510F104A}.Debug|Any CPU.Deploy.0 = Debug|Any CPU
		{2B854B1E-0740-4FF2-9594-C1DF510F104A}.Release|Any CPU.ActiveCfg = Release|Any CPU
		{2B854B1E-0740-4FF2-9594-C1DF510F104A}.Release|Any CPU.Build.0 = Release|Any CPU
		{2B854B1E-0740-4FF2-9594-C1DF510F104A}.Release|Any CPU.Deploy.0 = Release|Any CPU
		{407C5A1E-8827-4AE1-BBEC-4FF1F17C2D29}.Debug|Any CPU.ActiveCfg = Debug|Any CPU
		{407C5A1E-8827-4AE1-BBEC-4FF1F17C2D29}.Debug|Any CPU.Build.0 = Debug|Any CPU
		{407C5A1E-8827-4AE1-BBEC-4FF1F17C2D29}.Debug|Any CPU.Deploy.0 = Debug|Any CPU
		{407C5A1E-8827-4AE1-BBEC-4FF1F17C2D29}.Release|Any CPU.ActiveCfg = Release|Any CPU
		{407C5A1E-8827-4AE1-BBEC-4FF1F17C2D29}.Release|Any CPU.Build.0 = Release|Any CPU
		{25EA0D16-9271-4CA5-9C04-6570BE33B207}.Debug|Any CPU.ActiveCfg = Debug|Any CPU
		{25EA0D16-9271-4CA5-9C04-6570BE33B207}.Debug|Any CPU.Build.0 = Debug|Any CPU
		{25EA0D16-9271-4CA5-9C04-6570BE33B207}.Release|Any CPU.ActiveCfg = Release|Any CPU
		{25EA0D16-9271-4CA5-9C04-6570BE33B207}.Release|Any CPU.Build.0 = Release|Any CPU
		{D2691A14-5A69-4864-B113-D8151ED618B5}.Debug|Any CPU.ActiveCfg = Debug|Any CPU
		{D2691A14-5A69-4864-B113-D8151ED618B5}.Debug|Any CPU.Build.0 = Debug|Any CPU
		{D2691A14-5A69-4864-B113-D8151ED618B5}.Release|Any CPU.ActiveCfg = Release|Any CPU
		{D2691A14-5A69-4864-B113-D8151ED618B5}.Release|Any CPU.Build.0 = Release|Any CPU
		{10EBC819-CF74-4ED2-9C52-35721E5C9592}.Debug|Any CPU.ActiveCfg = Debug|Any CPU
		{10EBC819-CF74-4ED2-9C52-35721E5C9592}.Debug|Any CPU.Build.0 = Debug|Any CPU
		{10EBC819-CF74-4ED2-9C52-35721E5C9592}.Release|Any CPU.ActiveCfg = Release|Any CPU
		{10EBC819-CF74-4ED2-9C52-35721E5C9592}.Release|Any CPU.Build.0 = Release|Any CPU
		{084AAA36-1C52-4AF6-885C-9CDA53E70C73}.Debug|Any CPU.ActiveCfg = Debug|Any CPU
		{084AAA36-1C52-4AF6-885C-9CDA53E70C73}.Debug|Any CPU.Build.0 = Debug|Any CPU
		{084AAA36-1C52-4AF6-885C-9CDA53E70C73}.Release|Any CPU.ActiveCfg = Release|Any CPU
		{084AAA36-1C52-4AF6-885C-9CDA53E70C73}.Release|Any CPU.Build.0 = Release|Any CPU
		{047347BC-E2DB-42CD-A7DA-7D1BDCD946ED}.Debug|Any CPU.ActiveCfg = Debug|Any CPU
		{047347BC-E2DB-42CD-A7DA-7D1BDCD946ED}.Debug|Any CPU.Build.0 = Debug|Any CPU
		{047347BC-E2DB-42CD-A7DA-7D1BDCD946ED}.Debug|Any CPU.Deploy.0 = Debug|Any CPU
		{047347BC-E2DB-42CD-A7DA-7D1BDCD946ED}.Release|Any CPU.ActiveCfg = Release|Any CPU
		{047347BC-E2DB-42CD-A7DA-7D1BDCD946ED}.Release|Any CPU.Build.0 = Release|Any CPU
		{047347BC-E2DB-42CD-A7DA-7D1BDCD946ED}.Release|Any CPU.Deploy.0 = Release|Any CPU
		{1F4EB1C2-062F-4022-9440-C6DFD38F2423}.Debug|Any CPU.ActiveCfg = Debug|Any CPU
		{1F4EB1C2-062F-4022-9440-C6DFD38F2423}.Debug|Any CPU.Build.0 = Debug|Any CPU
		{1F4EB1C2-062F-4022-9440-C6DFD38F2423}.Release|Any CPU.ActiveCfg = Release|Any CPU
		{1F4EB1C2-062F-4022-9440-C6DFD38F2423}.Release|Any CPU.Build.0 = Release|Any CPU
		{A07864F0-076E-4754-8FAF-8AD8CCB615D1}.Debug|Any CPU.ActiveCfg = Debug|Any CPU
		{A07864F0-076E-4754-8FAF-8AD8CCB615D1}.Debug|Any CPU.Build.0 = Debug|Any CPU
		{A07864F0-076E-4754-8FAF-8AD8CCB615D1}.Release|Any CPU.ActiveCfg = Release|Any CPU
		{A07864F0-076E-4754-8FAF-8AD8CCB615D1}.Release|Any CPU.Build.0 = Release|Any CPU
		{926A0A40-F51B-4588-AB89-2921D841BB64}.Debug|Any CPU.ActiveCfg = Debug|Any CPU
		{926A0A40-F51B-4588-AB89-2921D841BB64}.Debug|Any CPU.Build.0 = Debug|Any CPU
		{926A0A40-F51B-4588-AB89-2921D841BB64}.Release|Any CPU.ActiveCfg = Release|Any CPU
		{926A0A40-F51B-4588-AB89-2921D841BB64}.Release|Any CPU.Build.0 = Release|Any CPU
		{4346D586-58DA-4DAC-9D7A-07770FD3BE52}.Debug|Any CPU.ActiveCfg = Debug|Any CPU
		{4346D586-58DA-4DAC-9D7A-07770FD3BE52}.Debug|Any CPU.Build.0 = Debug|Any CPU
		{4346D586-58DA-4DAC-9D7A-07770FD3BE52}.Release|Any CPU.ActiveCfg = Release|Any CPU
		{4346D586-58DA-4DAC-9D7A-07770FD3BE52}.Release|Any CPU.Build.0 = Release|Any CPU
		{EE3F0759-EFA5-4D0F-995E-4B2D43063F86}.Debug|Any CPU.ActiveCfg = Debug|Any CPU
		{EE3F0759-EFA5-4D0F-995E-4B2D43063F86}.Debug|Any CPU.Build.0 = Debug|Any CPU
		{EE3F0759-EFA5-4D0F-995E-4B2D43063F86}.Release|Any CPU.ActiveCfg = Release|Any CPU
		{EE3F0759-EFA5-4D0F-995E-4B2D43063F86}.Release|Any CPU.Build.0 = Release|Any CPU
		{2A600AA7-6D48-47DC-B3B7-4FE684C2326C}.Debug|Any CPU.ActiveCfg = Debug|Any CPU
		{2A600AA7-6D48-47DC-B3B7-4FE684C2326C}.Debug|Any CPU.Build.0 = Debug|Any CPU
		{2A600AA7-6D48-47DC-B3B7-4FE684C2326C}.Release|Any CPU.ActiveCfg = Release|Any CPU
		{2A600AA7-6D48-47DC-B3B7-4FE684C2326C}.Release|Any CPU.Build.0 = Release|Any CPU
	EndGlobalSection
	GlobalSection(SolutionProperties) = preSolution
		HideSolutionNode = FALSE
	EndGlobalSection
	GlobalSection(NestedProjects) = preSolution
		{F960D8FD-AB4F-4228-BF43-CD27A0794A79} = {669069DC-DE2D-4D2F-AA43-B2C158CECD5B}
		{A94D39FF-A659-417C-984F-CCF5646B9A67} = {669069DC-DE2D-4D2F-AA43-B2C158CECD5B}
		{35C95664-63B3-4762-9D60-FF3A22AA97F1} = {669069DC-DE2D-4D2F-AA43-B2C158CECD5B}
		{2B854B1E-0740-4FF2-9594-C1DF510F104A} = {F960D8FD-AB4F-4228-BF43-CD27A0794A79}
		{5FE9DE08-2DD8-4490-86EE-6E86AE59883D} = {F960D8FD-AB4F-4228-BF43-CD27A0794A79}
		{5B2F864D-AFDC-412A-BCE8-330B3AF3F348} = {F960D8FD-AB4F-4228-BF43-CD27A0794A79}
		{9321926D-CABC-4B90-8532-32E3FC178916} = {F960D8FD-AB4F-4228-BF43-CD27A0794A79}
		{D2691A14-5A69-4864-B113-D8151ED618B5} = {F960D8FD-AB4F-4228-BF43-CD27A0794A79}
		{084AAA36-1C52-4AF6-885C-9CDA53E70C73} = {F960D8FD-AB4F-4228-BF43-CD27A0794A79}
		{047347BC-E2DB-42CD-A7DA-7D1BDCD946ED} = {A94D39FF-A659-417C-984F-CCF5646B9A67}
		{407C5A1E-8827-4AE1-BBEC-4FF1F17C2D29} = {35C95664-63B3-4762-9D60-FF3A22AA97F1}
		{1F4EB1C2-062F-4022-9440-C6DFD38F2423} = {35C95664-63B3-4762-9D60-FF3A22AA97F1}
		{A07864F0-076E-4754-8FAF-8AD8CCB615D1} = {5FE9DE08-2DD8-4490-86EE-6E86AE59883D}
		{926A0A40-F51B-4588-AB89-2921D841BB64} = {5FE9DE08-2DD8-4490-86EE-6E86AE59883D}
		{4346D586-58DA-4DAC-9D7A-07770FD3BE52} = {5FE9DE08-2DD8-4490-86EE-6E86AE59883D}
		{25EA0D16-9271-4CA5-9C04-6570BE33B207} = {5B2F864D-AFDC-412A-BCE8-330B3AF3F348}
		{EE3F0759-EFA5-4D0F-995E-4B2D43063F86} = {5B2F864D-AFDC-412A-BCE8-330B3AF3F348}
		{10EBC819-CF74-4ED2-9C52-35721E5C9592} = {9321926D-CABC-4B90-8532-32E3FC178916}
		{2A600AA7-6D48-47DC-B3B7-4FE684C2326C} = {9321926D-CABC-4B90-8532-32E3FC178916}
	EndGlobalSection
EndGlobal
