
Microsoft Visual Studio Solution File, Format Version 12.00
# Visual Studio 15
VisualStudioVersion = 15.0.27004.2008
MinimumVisualStudioVersion = 10.0.40219.1
Project("{FAE04EC0-301F-11D3-BF4B-00C04F79EFBC}") = "IC.Server.View.Service", "Server\View\IC.Server.View.Service\IC.Server.View.Service.csproj", "{4CC01275-7E69-4822-A338-29290F5F8994}"
EndProject
Project("{FAE04EC0-301F-11D3-BF4B-00C04F79EFBC}") = "IC.Server.View.Forms", "Server\View\IC.Server.View.Forms\IC.Server.View.Forms.csproj", "{2243FB01-58BC-4DA5-BA25-0206D3788D00}"
EndProject
Project("{FAE04EC0-301F-11D3-BF4B-00C04F79EFBC}") = "IC.UnitTests", "IC.UnitTests\IC.UnitTests.csproj", "{EA60F93F-1334-4BF2-AC68-BB73A19B4F2A}"
EndProject
Project("{FAE04EC0-301F-11D3-BF4B-00C04F79EFBC}") = "IC.Client.DataLayer", "Client\Main\IC.Client.DataLayer\IC.Client.DataLayer.csproj", "{E5D7FC70-A7D3-41A5-91E2-0387E831D08F}"
EndProject
Project("{2150E333-8FDC-42A3-9474-1A3956D46DE8}") = "Client", "Client", "{111DE7A3-ACE4-4B8D-818F-726A3474F4AF}"
EndProject
Project("{2150E333-8FDC-42A3-9474-1A3956D46DE8}") = "Server", "Server", "{5F06C850-841E-49E0-BE94-E87546743F6C}"
EndProject
Project("{FAE04EC0-301F-11D3-BF4B-00C04F79EFBC}") = "IC.Client.View.Forms", "Client\Main\View\IC.Client.View.Forms\IC.Client.View.Forms.csproj", "{27843A05-C36E-4B72-B1FD-35D9EE0EE9D8}"
EndProject
Project("{FAE04EC0-301F-11D3-BF4B-00C04F79EFBC}") = "IC.Client.View.BarcodeReaderEmuForms", "Client\Emulators\IC.Client.View.BarcodeReaderEmuForms\IC.Client.View.BarcodeReaderEmuForms.csproj", "{B63FF02C-5536-4587-9D9E-A2B10A81A317}"
EndProject
Project("{FAE04EC0-301F-11D3-BF4B-00C04F79EFBC}") = "IC.EFDesignLib", "IC.EFDesignLib\IC.EFDesignLib.csproj", "{AB515914-878D-41A2-B0A9-9D61E373D863}"
EndProject
Project("{FAE04EC0-301F-11D3-BF4B-00C04F79EFBC}") = "IC.Client.FormModel", "Client\Main\FormModel\IC.Client.FormModel\IC.Client.FormModel.csproj", "{308DF5F2-D393-47D0-8142-77BE9F10F88E}"
EndProject
Project("{2150E333-8FDC-42A3-9474-1A3956D46DE8}") = "Plugins", "Plugins", "{532C1412-0AC2-4E10-8D19-AE674B7DC68B}"
EndProject
Project("{FAE04EC0-301F-11D3-BF4B-00C04F79EFBC}") = "IC.Client.Plugins.StandartViewPlugin", "Client\Plugins\IC.Client.Plugins.StandartViewPlugin\IC.Client.Plugins.StandartViewPlugin.csproj", "{00F74563-0F19-43A0-8B89-B1FD6B080020}"
EndProject
Project("{FAE04EC0-301F-11D3-BF4B-00C04F79EFBC}") = "IC.Client.View.Components", "Client\Main\View\IC.Client.View.Components\IC.Client.View.Components.csproj", "{4185B5ED-CB4C-4DC9-8346-A3120B403681}"
EndProject
Project("{FAE04EC0-301F-11D3-BF4B-00C04F79EFBC}") = "IC.Client.BusinessLogic", "Client\Main\BusinessLogic\IC.Client.BusinessLogic\IC.Client.BusinessLogic.csproj", "{38A96954-A1E2-404F-88B8-07B3879D7009}"
EndProject
Project("{FAE04EC0-301F-11D3-BF4B-00C04F79EFBC}") = "IC.Client.Network", "Client\Main\Network\IC.Client.Network\IC.Client.Network.csproj", "{CD4FE1BB-D2C4-441E-BDA4-F039D211A254}"
EndProject
Project("{2150E333-8FDC-42A3-9474-1A3956D46DE8}") = "CurrencyRatesTool", "CurrencyRatesTool", "{07D660E7-AF22-4A7E-8FD7-3C2B23B7C652}"
EndProject
Project("{FAE04EC0-301F-11D3-BF4B-00C04F79EFBC}") = "IC.CurrencyRatesTool.View.Service", "CurrencyRatesTool\IC.CurrencyRatesTool.View.Service\IC.CurrencyRatesTool.View.Service.csproj", "{AE037B1C-8FC7-4977-80A8-5F8B86AA3DB1}"
EndProject
Project("{FAE04EC0-301F-11D3-BF4B-00C04F79EFBC}") = "IC.CurrencyRatesTool.View.Forms", "CurrencyRatesTool\IC.CurrencyRatesTool.View.Forms\IC.CurrencyRatesTool.View.Forms.csproj", "{E2250472-55DF-4E22-8148-9EB135903096}"
EndProject
Project("{2150E333-8FDC-42A3-9474-1A3956D46DE8}") = "Plugins", "Plugins", "{5DD134CF-C4A7-44B1-BEEC-E4F04F0EF8A5}"
EndProject
Project("{FAE04EC0-301F-11D3-BF4B-00C04F79EFBC}") = "IC.CurrencyRatesTool.MainWorker", "CurrencyRatesTool\IC.CurrencyRatesTool.MainWorker\IC.CurrencyRatesTool.MainWorker.csproj", "{1466C2C9-A4DC-4F30-8743-7882F7C275C0}"
EndProject
Project("{FAE04EC0-301F-11D3-BF4B-00C04F79EFBC}") = "IC.CurrencyRatesTool.Plugins.Ruble", "CurrencyRatesTool\Plugins\IC.CurrencyRatesTool.Plugins.Ruble\IC.CurrencyRatesTool.Plugins.Ruble.csproj", "{1AECAB0D-2431-4090-A42B-C9609DA201CF}"
EndProject
Project("{FAE04EC0-301F-11D3-BF4B-00C04F79EFBC}") = "IC.CurrencyRatesTool.Plugins.Euro", "CurrencyRatesTool\Plugins\IC.CurrencyRatesTool.Plugins.Euro\IC.CurrencyRatesTool.Plugins.Euro.csproj", "{BE4E75CC-3A93-4AFA-8732-0BB586B077B2}"
EndProject
Project("{FAE04EC0-301F-11D3-BF4B-00C04F79EFBC}") = "IC.CurrencyRatesTool.Interfaces", "CurrencyRatesTool\IC.CurrencyRatesTool.Interfaces\IC.CurrencyRatesTool.Interfaces.csproj", "{17E3EF51-7F11-4033-B415-D2A8F90825BE}"
EndProject
Project("{2150E333-8FDC-42A3-9474-1A3956D46DE8}") = "Main", "Main", "{E2A371C1-A53D-421F-A251-45AD316DAF70}"
EndProject
Project("{2150E333-8FDC-42A3-9474-1A3956D46DE8}") = "Emulators", "Emulators", "{1F039DA2-E78E-44E9-8944-F5E5E67300BF}"
EndProject
Project("{2150E333-8FDC-42A3-9474-1A3956D46DE8}") = "Tests", "Tests", "{A094EA45-E75D-4757-9089-B05CA2E498CB}"
EndProject
Project("{2150E333-8FDC-42A3-9474-1A3956D46DE8}") = "BusinessLogic", "BusinessLogic", "{A862AEC8-9241-441A-B745-1CE0D22431E3}"
EndProject
Project("{2150E333-8FDC-42A3-9474-1A3956D46DE8}") = "FormModel", "FormModel", "{981FD58D-2B9E-41BF-A361-124A4E55EFF3}"
EndProject
Project("{2150E333-8FDC-42A3-9474-1A3956D46DE8}") = "Network", "Network", "{33A3D664-0FA6-4D76-9EA1-B35FD975A1AD}"
EndProject
Project("{2150E333-8FDC-42A3-9474-1A3956D46DE8}") = "View", "View", "{0A2EA778-D83E-48AD-926F-0BE60BA7F459}"
EndProject
Project("{FAE04EC0-301F-11D3-BF4B-00C04F79EFBC}") = "IC.Client.FormModel.Base", "Client\Main\FormModel\IC.Client.FormModel.Base\IC.Client.FormModel.Base.csproj", "{F6A67912-03D0-4DD8-B39B-00E48BF5861E}"
EndProject
Project("{FAE04EC0-301F-11D3-BF4B-00C04F79EFBC}") = "IC.Client.FormModel.Interfaces", "Client\Main\FormModel\IC.Client.FormModel.Interfaces\IC.Client.FormModel.Interfaces.csproj", "{F26D64E7-C323-4557-B3CD-A582AA576388}"
EndProject
Project("{FAE04EC0-301F-11D3-BF4B-00C04F79EFBC}") = "IC.Client.BusinessLogic.Interfaces", "Client\Main\BusinessLogic\IC.Client.BusinessLogic.Interfaces\IC.Client.BusinessLogic.Interfaces.csproj", "{4C8B2BD2-83C3-44A5-BBA6-9B44203B9AA0}"
EndProject
Project("{FAE04EC0-301F-11D3-BF4B-00C04F79EFBC}") = "IC.Client.Network.Interfaces", "Client\Main\Network\IC.Client.Network.Interfaces\IC.Client.Network.Interfaces.csproj", "{4CBAA34C-274F-421A-AF5E-1E99B9418FD3}"
EndProject
Project("{2150E333-8FDC-42A3-9474-1A3956D46DE8}") = "Core", "Core", "{21EC9D89-B0CA-4868-A298-9DF62309AD27}"
EndProject
Project("{2150E333-8FDC-42A3-9474-1A3956D46DE8}") = "View", "View", "{C66C88C6-7920-437B-85C8-000A5B0EB5F8}"
EndProject
Project("{FAE04EC0-301F-11D3-BF4B-00C04F79EFBC}") = "IC.Server.Core.Base", "Server\Core\IC.Server.Core.Base\IC.Server.Core.Base.csproj", "{A77A1298-4FCE-48A1-B3FE-7330ADD4806E}"
EndProject
Project("{FAE04EC0-301F-11D3-BF4B-00C04F79EFBC}") = "IC.Server.Core.Interfaces", "Server\Core\IC.Server.Core.Interfaces\IC.Server.Core.Interfaces.csproj", "{0F484847-8E92-4916-9282-DB026C022677}"
EndProject
Project("{FAE04EC0-301F-11D3-BF4B-00C04F79EFBC}") = "IC.Server.Core.Network", "Server\Core\Network\IC.Server.Core.Network\IC.Server.Core.Network.csproj", "{F394116F-DDD5-45FE-8108-0C82E4EDC2FF}"
EndProject
Project("{FAE04EC0-301F-11D3-BF4B-00C04F79EFBC}") = "IC.Server.Core.ClientManager", "Server\Core\ClientManager\IC.Server.Core.ClientManager\IC.Server.Core.ClientManager.csproj", "{AAF69C94-9614-4F40-8211-F3EE29350463}"
EndProject
Project("{FAE04EC0-301F-11D3-BF4B-00C04F79EFBC}") = "IC.Server.Core.Network.Interfaces", "Server\Core\Network\IC.Server.Core.Network.Interfaces\IC.Server.Core.Network.Interfaces.csproj", "{01BE244E-6F8D-4B04-8584-5221A47EF3CE}"
EndProject
Project("{2150E333-8FDC-42A3-9474-1A3956D46DE8}") = "Network", "Network", "{689D7A53-9E24-4C11-BE56-A8546EE3DE44}"
EndProject
Project("{2150E333-8FDC-42A3-9474-1A3956D46DE8}") = "ClientManager", "ClientManager", "{D4E69E6B-0CB6-4C63-A5DE-FE87FC3184DF}"
EndProject
Project("{FAE04EC0-301F-11D3-BF4B-00C04F79EFBC}") = "IC.Server.Core.ClientManager.Interfaces", "Server\Core\ClientManager\IC.Server.Core.ClientManager.Interfaces\IC.Server.Core.ClientManager.Interfaces.csproj", "{8AC078E9-80FF-4B09-8742-C59BD94EEE85}"
EndProject
Project("{FAE04EC0-301F-11D3-BF4B-00C04F79EFBC}") = "IC.Client.View.Components.Tests", "IC.Client.View.Components.Tests\IC.Client.View.Components.Tests.csproj", "{84CC43CD-FA2B-45D9-ADDA-2CA1A3845011}"
EndProject
Project("{FAE04EC0-301F-11D3-BF4B-00C04F79EFBC}") = "IC.Client.Plugins.View.Tests", "IC.Client.Plugins.View.Tests\IC.Client.Plugins.View.Tests.csproj", "{402CF47D-4049-4699-8393-0063798165D2}"
EndProject
Project("{FAE04EC0-301F-11D3-BF4B-00C04F79EFBC}") = "IC.DB.ICSQL.MSSQL.DataProvider", "DB\ICSQL\MSSQL\IC.DB.ICSQL.MSSQL.DataProvider\IC.DB.ICSQL.MSSQL.DataProvider.csproj", "{2A991ECA-6196-408A-9219-E6E76277EB1A}"
EndProject
Project("{FAE04EC0-301F-11D3-BF4B-00C04F79EFBC}") = "IC.DB.ICSQL", "DB\ICSQL\IC.DB.ICSQL\IC.DB.ICSQL.csproj", "{D65DA0DA-F8C7-49D6-9710-76E1C33A4D78}"
EndProject
Project("{FAE04EC0-301F-11D3-BF4B-00C04F79EFBC}") = "IC.DB.ICSQL.Interfaces", "DB\ICSQL\IC.DB.ICSQL.Interfaces\IC.DB.ICSQL.Interfaces.csproj", "{C207BC91-22D4-4088-B17F-A748AC0EE932}"
EndProject
Project("{FAE04EC0-301F-11D3-BF4B-00C04F79EFBC}") = "IC.DB.ICSQL.Base", "DB\ICSQL\IC.DB.ICSQL.Base\IC.DB.ICSQL.Base.csproj", "{93A0057F-7264-459D-8616-839EABB0D25D}"
EndProject
Project("{FAE04EC0-301F-11D3-BF4B-00C04F79EFBC}") = "IC.DB.ICSQL.MSSQL.SQLScripts", "DB\ICSQL\MSSQL\IC.DB.ICSQL.MSSQL.SQLScripts\IC.DB.ICSQL.MSSQL.SQLScripts.csproj", "{B4D31DC8-E485-461A-B988-2C10C733C46B}"
EndProject
Project("{2150E333-8FDC-42A3-9474-1A3956D46DE8}") = "Analyst", "Analyst", "{EB8CBE3F-CAAB-48A2-87F3-BB6FC3BB139B}"
EndProject
Project("{FAE04EC0-301F-11D3-BF4B-00C04F79EFBC}") = "IC.Analyst.View.Forms", "Analyst\IC.Analyst.View.Forms\IC.Analyst.View.Forms.csproj", "{7FB2EF13-9320-4CEC-B058-1744E8EA9267}"
EndProject
Project("{FAE04EC0-301F-11D3-BF4B-00C04F79EFBC}") = "IC.Analyst.View.Components", "Analyst\IC.Analyst.View.Components\IC.Analyst.View.Components.csproj", "{7A9EC0ED-9F6B-411D-BE75-F53B7CAA7924}"
EndProject
Project("{2150E333-8FDC-42A3-9474-1A3956D46DE8}") = "DB", "DB", "{0F85B9E4-F63B-49CA-890B-5B9C1F5876AA}"
EndProject
Project("{2150E333-8FDC-42A3-9474-1A3956D46DE8}") = "MSSQL", "MSSQL", "{C94EF0BA-23CC-4D78-A4EF-B9A1877910F6}"
EndProject
Project("{FAE04EC0-301F-11D3-BF4B-00C04F79EFBC}") = "IC.DB.DataLayer", "DB\IC.DB.DataLayer\IC.DB.DataLayer.csproj", "{011EC2EE-4E13-4874-9268-EAE7A8CACE79}"
EndProject
Project("{FAE04EC0-301F-11D3-BF4B-00C04F79EFBC}") = "IC.DB.EF.MSSQL", "DB\EF\MSSQL\IC.DB.EF.MSSQL\IC.DB.EF.MSSQL.csproj", "{A7169AED-FCAC-4611-87C1-87B35EE5E3E8}"
EndProject
Project("{2150E333-8FDC-42A3-9474-1A3956D46DE8}") = "EF", "EF", "{88C1B005-1F11-4929-80CE-D0A8B5E6CAAA}"
EndProject
Project("{FAE04EC0-301F-11D3-BF4B-00C04F79EFBC}") = "IC.DB.EF.MSSQL.DataProvider", "DB\EF\MSSQL\IC.DB.EF.MSSQL.DataProvider\IC.DB.EF.MSSQL.DataProvider.csproj", "{D0C69B44-6585-44E9-93AA-CE4599CD883D}"
EndProject
Project("{FAE04EC0-301F-11D3-BF4B-00C04F79EFBC}") = "IC.DB.Interfaces", "DB\IC.DB.Interfaces\IC.DB.Interfaces.csproj", "{81C0F998-DA1D-4500-9C62-36BC615D4678}"
EndProject
Project("{FAE04EC0-301F-11D3-BF4B-00C04F79EFBC}") = "IC.DB.Base", "DB\IC.DB.Base\IC.DB.Base.csproj", "{B9806E69-CB36-44D9-B11F-5FD6FC9C4370}"
EndProject
Project("{2150E333-8FDC-42A3-9474-1A3956D46DE8}") = "ICSQL", "ICSQL", "{7EEEA492-5516-4640-99DF-6CA78A6B5873}"
EndProject
Project("{2150E333-8FDC-42A3-9474-1A3956D46DE8}") = "MSSQL", "MSSQL", "{DB1D795E-7E1C-4EE2-9EB9-5668BAAF323A}"
EndProject
Global
	GlobalSection(SolutionConfigurationPlatforms) = preSolution
		Debug|Any CPU = Debug|Any CPU
		Release|Any CPU = Release|Any CPU
	EndGlobalSection
	GlobalSection(ProjectConfigurationPlatforms) = postSolution
		{4CC01275-7E69-4822-A338-29290F5F8994}.Debug|Any CPU.ActiveCfg = Debug|Any CPU
		{4CC01275-7E69-4822-A338-29290F5F8994}.Debug|Any CPU.Build.0 = Debug|Any CPU
		{4CC01275-7E69-4822-A338-29290F5F8994}.Release|Any CPU.ActiveCfg = Release|Any CPU
		{4CC01275-7E69-4822-A338-29290F5F8994}.Release|Any CPU.Build.0 = Release|Any CPU
		{2243FB01-58BC-4DA5-BA25-0206D3788D00}.Debug|Any CPU.ActiveCfg = Debug|Any CPU
		{2243FB01-58BC-4DA5-BA25-0206D3788D00}.Debug|Any CPU.Build.0 = Debug|Any CPU
		{2243FB01-58BC-4DA5-BA25-0206D3788D00}.Release|Any CPU.ActiveCfg = Release|Any CPU
		{2243FB01-58BC-4DA5-BA25-0206D3788D00}.Release|Any CPU.Build.0 = Release|Any CPU
		{EA60F93F-1334-4BF2-AC68-BB73A19B4F2A}.Debug|Any CPU.ActiveCfg = Debug|Any CPU
		{EA60F93F-1334-4BF2-AC68-BB73A19B4F2A}.Debug|Any CPU.Build.0 = Debug|Any CPU
		{EA60F93F-1334-4BF2-AC68-BB73A19B4F2A}.Release|Any CPU.ActiveCfg = Release|Any CPU
		{EA60F93F-1334-4BF2-AC68-BB73A19B4F2A}.Release|Any CPU.Build.0 = Release|Any CPU
		{E5D7FC70-A7D3-41A5-91E2-0387E831D08F}.Debug|Any CPU.ActiveCfg = Debug|Any CPU
		{E5D7FC70-A7D3-41A5-91E2-0387E831D08F}.Debug|Any CPU.Build.0 = Debug|Any CPU
		{E5D7FC70-A7D3-41A5-91E2-0387E831D08F}.Release|Any CPU.ActiveCfg = Release|Any CPU
		{E5D7FC70-A7D3-41A5-91E2-0387E831D08F}.Release|Any CPU.Build.0 = Release|Any CPU
		{27843A05-C36E-4B72-B1FD-35D9EE0EE9D8}.Debug|Any CPU.ActiveCfg = Debug|Any CPU
		{27843A05-C36E-4B72-B1FD-35D9EE0EE9D8}.Debug|Any CPU.Build.0 = Debug|Any CPU
		{27843A05-C36E-4B72-B1FD-35D9EE0EE9D8}.Release|Any CPU.ActiveCfg = Release|Any CPU
		{27843A05-C36E-4B72-B1FD-35D9EE0EE9D8}.Release|Any CPU.Build.0 = Release|Any CPU
		{B63FF02C-5536-4587-9D9E-A2B10A81A317}.Debug|Any CPU.ActiveCfg = Debug|Any CPU
		{B63FF02C-5536-4587-9D9E-A2B10A81A317}.Debug|Any CPU.Build.0 = Debug|Any CPU
		{B63FF02C-5536-4587-9D9E-A2B10A81A317}.Release|Any CPU.ActiveCfg = Release|Any CPU
		{B63FF02C-5536-4587-9D9E-A2B10A81A317}.Release|Any CPU.Build.0 = Release|Any CPU
		{AB515914-878D-41A2-B0A9-9D61E373D863}.Debug|Any CPU.ActiveCfg = Debug|Any CPU
		{AB515914-878D-41A2-B0A9-9D61E373D863}.Debug|Any CPU.Build.0 = Debug|Any CPU
		{AB515914-878D-41A2-B0A9-9D61E373D863}.Release|Any CPU.ActiveCfg = Release|Any CPU
		{AB515914-878D-41A2-B0A9-9D61E373D863}.Release|Any CPU.Build.0 = Release|Any CPU
		{308DF5F2-D393-47D0-8142-77BE9F10F88E}.Debug|Any CPU.ActiveCfg = Debug|Any CPU
		{308DF5F2-D393-47D0-8142-77BE9F10F88E}.Debug|Any CPU.Build.0 = Debug|Any CPU
		{308DF5F2-D393-47D0-8142-77BE9F10F88E}.Release|Any CPU.ActiveCfg = Release|Any CPU
		{308DF5F2-D393-47D0-8142-77BE9F10F88E}.Release|Any CPU.Build.0 = Release|Any CPU
		{00F74563-0F19-43A0-8B89-B1FD6B080020}.Debug|Any CPU.ActiveCfg = Debug|Any CPU
		{00F74563-0F19-43A0-8B89-B1FD6B080020}.Debug|Any CPU.Build.0 = Debug|Any CPU
		{00F74563-0F19-43A0-8B89-B1FD6B080020}.Release|Any CPU.ActiveCfg = Release|Any CPU
		{00F74563-0F19-43A0-8B89-B1FD6B080020}.Release|Any CPU.Build.0 = Release|Any CPU
		{4185B5ED-CB4C-4DC9-8346-A3120B403681}.Debug|Any CPU.ActiveCfg = Debug|Any CPU
		{4185B5ED-CB4C-4DC9-8346-A3120B403681}.Debug|Any CPU.Build.0 = Debug|Any CPU
		{4185B5ED-CB4C-4DC9-8346-A3120B403681}.Release|Any CPU.ActiveCfg = Release|Any CPU
		{4185B5ED-CB4C-4DC9-8346-A3120B403681}.Release|Any CPU.Build.0 = Release|Any CPU
		{38A96954-A1E2-404F-88B8-07B3879D7009}.Debug|Any CPU.ActiveCfg = Debug|Any CPU
		{38A96954-A1E2-404F-88B8-07B3879D7009}.Debug|Any CPU.Build.0 = Debug|Any CPU
		{38A96954-A1E2-404F-88B8-07B3879D7009}.Release|Any CPU.ActiveCfg = Release|Any CPU
		{38A96954-A1E2-404F-88B8-07B3879D7009}.Release|Any CPU.Build.0 = Release|Any CPU
		{CD4FE1BB-D2C4-441E-BDA4-F039D211A254}.Debug|Any CPU.ActiveCfg = Debug|Any CPU
		{CD4FE1BB-D2C4-441E-BDA4-F039D211A254}.Debug|Any CPU.Build.0 = Debug|Any CPU
		{CD4FE1BB-D2C4-441E-BDA4-F039D211A254}.Release|Any CPU.ActiveCfg = Release|Any CPU
		{CD4FE1BB-D2C4-441E-BDA4-F039D211A254}.Release|Any CPU.Build.0 = Release|Any CPU
		{AE037B1C-8FC7-4977-80A8-5F8B86AA3DB1}.Debug|Any CPU.ActiveCfg = Debug|Any CPU
		{AE037B1C-8FC7-4977-80A8-5F8B86AA3DB1}.Debug|Any CPU.Build.0 = Debug|Any CPU
		{AE037B1C-8FC7-4977-80A8-5F8B86AA3DB1}.Release|Any CPU.ActiveCfg = Release|Any CPU
		{AE037B1C-8FC7-4977-80A8-5F8B86AA3DB1}.Release|Any CPU.Build.0 = Release|Any CPU
		{E2250472-55DF-4E22-8148-9EB135903096}.Debug|Any CPU.ActiveCfg = Debug|Any CPU
		{E2250472-55DF-4E22-8148-9EB135903096}.Debug|Any CPU.Build.0 = Debug|Any CPU
		{E2250472-55DF-4E22-8148-9EB135903096}.Release|Any CPU.ActiveCfg = Release|Any CPU
		{E2250472-55DF-4E22-8148-9EB135903096}.Release|Any CPU.Build.0 = Release|Any CPU
		{1466C2C9-A4DC-4F30-8743-7882F7C275C0}.Debug|Any CPU.ActiveCfg = Debug|Any CPU
		{1466C2C9-A4DC-4F30-8743-7882F7C275C0}.Debug|Any CPU.Build.0 = Debug|Any CPU
		{1466C2C9-A4DC-4F30-8743-7882F7C275C0}.Release|Any CPU.ActiveCfg = Release|Any CPU
		{1466C2C9-A4DC-4F30-8743-7882F7C275C0}.Release|Any CPU.Build.0 = Release|Any CPU
		{1AECAB0D-2431-4090-A42B-C9609DA201CF}.Debug|Any CPU.ActiveCfg = Debug|Any CPU
		{1AECAB0D-2431-4090-A42B-C9609DA201CF}.Debug|Any CPU.Build.0 = Debug|Any CPU
		{1AECAB0D-2431-4090-A42B-C9609DA201CF}.Release|Any CPU.ActiveCfg = Release|Any CPU
		{1AECAB0D-2431-4090-A42B-C9609DA201CF}.Release|Any CPU.Build.0 = Release|Any CPU
		{BE4E75CC-3A93-4AFA-8732-0BB586B077B2}.Debug|Any CPU.ActiveCfg = Debug|Any CPU
		{BE4E75CC-3A93-4AFA-8732-0BB586B077B2}.Debug|Any CPU.Build.0 = Debug|Any CPU
		{BE4E75CC-3A93-4AFA-8732-0BB586B077B2}.Release|Any CPU.ActiveCfg = Release|Any CPU
		{BE4E75CC-3A93-4AFA-8732-0BB586B077B2}.Release|Any CPU.Build.0 = Release|Any CPU
		{17E3EF51-7F11-4033-B415-D2A8F90825BE}.Debug|Any CPU.ActiveCfg = Debug|Any CPU
		{17E3EF51-7F11-4033-B415-D2A8F90825BE}.Debug|Any CPU.Build.0 = Debug|Any CPU
		{17E3EF51-7F11-4033-B415-D2A8F90825BE}.Release|Any CPU.ActiveCfg = Release|Any CPU
		{17E3EF51-7F11-4033-B415-D2A8F90825BE}.Release|Any CPU.Build.0 = Release|Any CPU
		{F6A67912-03D0-4DD8-B39B-00E48BF5861E}.Debug|Any CPU.ActiveCfg = Debug|Any CPU
		{F6A67912-03D0-4DD8-B39B-00E48BF5861E}.Debug|Any CPU.Build.0 = Debug|Any CPU
		{F6A67912-03D0-4DD8-B39B-00E48BF5861E}.Release|Any CPU.ActiveCfg = Release|Any CPU
		{F6A67912-03D0-4DD8-B39B-00E48BF5861E}.Release|Any CPU.Build.0 = Release|Any CPU
		{F26D64E7-C323-4557-B3CD-A582AA576388}.Debug|Any CPU.ActiveCfg = Debug|Any CPU
		{F26D64E7-C323-4557-B3CD-A582AA576388}.Debug|Any CPU.Build.0 = Debug|Any CPU
		{F26D64E7-C323-4557-B3CD-A582AA576388}.Release|Any CPU.ActiveCfg = Release|Any CPU
		{F26D64E7-C323-4557-B3CD-A582AA576388}.Release|Any CPU.Build.0 = Release|Any CPU
		{4C8B2BD2-83C3-44A5-BBA6-9B44203B9AA0}.Debug|Any CPU.ActiveCfg = Debug|Any CPU
		{4C8B2BD2-83C3-44A5-BBA6-9B44203B9AA0}.Debug|Any CPU.Build.0 = Debug|Any CPU
		{4C8B2BD2-83C3-44A5-BBA6-9B44203B9AA0}.Release|Any CPU.ActiveCfg = Release|Any CPU
		{4C8B2BD2-83C3-44A5-BBA6-9B44203B9AA0}.Release|Any CPU.Build.0 = Release|Any CPU
		{4CBAA34C-274F-421A-AF5E-1E99B9418FD3}.Debug|Any CPU.ActiveCfg = Debug|Any CPU
		{4CBAA34C-274F-421A-AF5E-1E99B9418FD3}.Debug|Any CPU.Build.0 = Debug|Any CPU
		{4CBAA34C-274F-421A-AF5E-1E99B9418FD3}.Release|Any CPU.ActiveCfg = Release|Any CPU
		{4CBAA34C-274F-421A-AF5E-1E99B9418FD3}.Release|Any CPU.Build.0 = Release|Any CPU
		{A77A1298-4FCE-48A1-B3FE-7330ADD4806E}.Debug|Any CPU.ActiveCfg = Debug|Any CPU
		{A77A1298-4FCE-48A1-B3FE-7330ADD4806E}.Debug|Any CPU.Build.0 = Debug|Any CPU
		{A77A1298-4FCE-48A1-B3FE-7330ADD4806E}.Release|Any CPU.ActiveCfg = Release|Any CPU
		{A77A1298-4FCE-48A1-B3FE-7330ADD4806E}.Release|Any CPU.Build.0 = Release|Any CPU
		{0F484847-8E92-4916-9282-DB026C022677}.Debug|Any CPU.ActiveCfg = Debug|Any CPU
		{0F484847-8E92-4916-9282-DB026C022677}.Debug|Any CPU.Build.0 = Debug|Any CPU
		{0F484847-8E92-4916-9282-DB026C022677}.Release|Any CPU.ActiveCfg = Release|Any CPU
		{0F484847-8E92-4916-9282-DB026C022677}.Release|Any CPU.Build.0 = Release|Any CPU
		{F394116F-DDD5-45FE-8108-0C82E4EDC2FF}.Debug|Any CPU.ActiveCfg = Debug|Any CPU
		{F394116F-DDD5-45FE-8108-0C82E4EDC2FF}.Debug|Any CPU.Build.0 = Debug|Any CPU
		{F394116F-DDD5-45FE-8108-0C82E4EDC2FF}.Release|Any CPU.ActiveCfg = Release|Any CPU
		{F394116F-DDD5-45FE-8108-0C82E4EDC2FF}.Release|Any CPU.Build.0 = Release|Any CPU
		{AAF69C94-9614-4F40-8211-F3EE29350463}.Debug|Any CPU.ActiveCfg = Debug|Any CPU
		{AAF69C94-9614-4F40-8211-F3EE29350463}.Debug|Any CPU.Build.0 = Debug|Any CPU
		{AAF69C94-9614-4F40-8211-F3EE29350463}.Release|Any CPU.ActiveCfg = Release|Any CPU
		{AAF69C94-9614-4F40-8211-F3EE29350463}.Release|Any CPU.Build.0 = Release|Any CPU
		{01BE244E-6F8D-4B04-8584-5221A47EF3CE}.Debug|Any CPU.ActiveCfg = Debug|Any CPU
		{01BE244E-6F8D-4B04-8584-5221A47EF3CE}.Debug|Any CPU.Build.0 = Debug|Any CPU
		{01BE244E-6F8D-4B04-8584-5221A47EF3CE}.Release|Any CPU.ActiveCfg = Release|Any CPU
		{01BE244E-6F8D-4B04-8584-5221A47EF3CE}.Release|Any CPU.Build.0 = Release|Any CPU
		{8AC078E9-80FF-4B09-8742-C59BD94EEE85}.Debug|Any CPU.ActiveCfg = Debug|Any CPU
		{8AC078E9-80FF-4B09-8742-C59BD94EEE85}.Debug|Any CPU.Build.0 = Debug|Any CPU
		{8AC078E9-80FF-4B09-8742-C59BD94EEE85}.Release|Any CPU.ActiveCfg = Release|Any CPU
		{8AC078E9-80FF-4B09-8742-C59BD94EEE85}.Release|Any CPU.Build.0 = Release|Any CPU
		{84CC43CD-FA2B-45D9-ADDA-2CA1A3845011}.Debug|Any CPU.ActiveCfg = Debug|Any CPU
		{84CC43CD-FA2B-45D9-ADDA-2CA1A3845011}.Debug|Any CPU.Build.0 = Debug|Any CPU
		{84CC43CD-FA2B-45D9-ADDA-2CA1A3845011}.Release|Any CPU.ActiveCfg = Release|Any CPU
		{84CC43CD-FA2B-45D9-ADDA-2CA1A3845011}.Release|Any CPU.Build.0 = Release|Any CPU
		{402CF47D-4049-4699-8393-0063798165D2}.Debug|Any CPU.ActiveCfg = Debug|Any CPU
		{402CF47D-4049-4699-8393-0063798165D2}.Debug|Any CPU.Build.0 = Debug|Any CPU
		{402CF47D-4049-4699-8393-0063798165D2}.Release|Any CPU.ActiveCfg = Release|Any CPU
		{402CF47D-4049-4699-8393-0063798165D2}.Release|Any CPU.Build.0 = Release|Any CPU
		{2A991ECA-6196-408A-9219-E6E76277EB1A}.Debug|Any CPU.ActiveCfg = Debug|Any CPU
		{2A991ECA-6196-408A-9219-E6E76277EB1A}.Debug|Any CPU.Build.0 = Debug|Any CPU
		{2A991ECA-6196-408A-9219-E6E76277EB1A}.Release|Any CPU.ActiveCfg = Release|Any CPU
		{2A991ECA-6196-408A-9219-E6E76277EB1A}.Release|Any CPU.Build.0 = Release|Any CPU
		{D65DA0DA-F8C7-49D6-9710-76E1C33A4D78}.Debug|Any CPU.ActiveCfg = Debug|Any CPU
		{D65DA0DA-F8C7-49D6-9710-76E1C33A4D78}.Debug|Any CPU.Build.0 = Debug|Any CPU
		{D65DA0DA-F8C7-49D6-9710-76E1C33A4D78}.Release|Any CPU.ActiveCfg = Release|Any CPU
		{D65DA0DA-F8C7-49D6-9710-76E1C33A4D78}.Release|Any CPU.Build.0 = Release|Any CPU
		{C207BC91-22D4-4088-B17F-A748AC0EE932}.Debug|Any CPU.ActiveCfg = Debug|Any CPU
		{C207BC91-22D4-4088-B17F-A748AC0EE932}.Debug|Any CPU.Build.0 = Debug|Any CPU
		{C207BC91-22D4-4088-B17F-A748AC0EE932}.Release|Any CPU.ActiveCfg = Release|Any CPU
		{C207BC91-22D4-4088-B17F-A748AC0EE932}.Release|Any CPU.Build.0 = Release|Any CPU
		{93A0057F-7264-459D-8616-839EABB0D25D}.Debug|Any CPU.ActiveCfg = Debug|Any CPU
		{93A0057F-7264-459D-8616-839EABB0D25D}.Debug|Any CPU.Build.0 = Debug|Any CPU
		{93A0057F-7264-459D-8616-839EABB0D25D}.Release|Any CPU.ActiveCfg = Release|Any CPU
		{93A0057F-7264-459D-8616-839EABB0D25D}.Release|Any CPU.Build.0 = Release|Any CPU
		{B4D31DC8-E485-461A-B988-2C10C733C46B}.Debug|Any CPU.ActiveCfg = Debug|Any CPU
		{B4D31DC8-E485-461A-B988-2C10C733C46B}.Debug|Any CPU.Build.0 = Debug|Any CPU
		{B4D31DC8-E485-461A-B988-2C10C733C46B}.Release|Any CPU.ActiveCfg = Release|Any CPU
		{B4D31DC8-E485-461A-B988-2C10C733C46B}.Release|Any CPU.Build.0 = Release|Any CPU
		{7FB2EF13-9320-4CEC-B058-1744E8EA9267}.Debug|Any CPU.ActiveCfg = Debug|Any CPU
		{7FB2EF13-9320-4CEC-B058-1744E8EA9267}.Debug|Any CPU.Build.0 = Debug|Any CPU
		{7FB2EF13-9320-4CEC-B058-1744E8EA9267}.Release|Any CPU.ActiveCfg = Release|Any CPU
		{7FB2EF13-9320-4CEC-B058-1744E8EA9267}.Release|Any CPU.Build.0 = Release|Any CPU
		{7A9EC0ED-9F6B-411D-BE75-F53B7CAA7924}.Debug|Any CPU.ActiveCfg = Debug|Any CPU
		{7A9EC0ED-9F6B-411D-BE75-F53B7CAA7924}.Debug|Any CPU.Build.0 = Debug|Any CPU
		{7A9EC0ED-9F6B-411D-BE75-F53B7CAA7924}.Release|Any CPU.ActiveCfg = Release|Any CPU
		{7A9EC0ED-9F6B-411D-BE75-F53B7CAA7924}.Release|Any CPU.Build.0 = Release|Any CPU
		{011EC2EE-4E13-4874-9268-EAE7A8CACE79}.Debug|Any CPU.ActiveCfg = Debug|Any CPU
		{011EC2EE-4E13-4874-9268-EAE7A8CACE79}.Debug|Any CPU.Build.0 = Debug|Any CPU
		{011EC2EE-4E13-4874-9268-EAE7A8CACE79}.Release|Any CPU.ActiveCfg = Release|Any CPU
		{011EC2EE-4E13-4874-9268-EAE7A8CACE79}.Release|Any CPU.Build.0 = Release|Any CPU
		{A7169AED-FCAC-4611-87C1-87B35EE5E3E8}.Debug|Any CPU.ActiveCfg = Debug|Any CPU
		{A7169AED-FCAC-4611-87C1-87B35EE5E3E8}.Debug|Any CPU.Build.0 = Debug|Any CPU
		{A7169AED-FCAC-4611-87C1-87B35EE5E3E8}.Release|Any CPU.ActiveCfg = Release|Any CPU
		{A7169AED-FCAC-4611-87C1-87B35EE5E3E8}.Release|Any CPU.Build.0 = Release|Any CPU
		{D0C69B44-6585-44E9-93AA-CE4599CD883D}.Debug|Any CPU.ActiveCfg = Debug|Any CPU
		{D0C69B44-6585-44E9-93AA-CE4599CD883D}.Debug|Any CPU.Build.0 = Debug|Any CPU
		{D0C69B44-6585-44E9-93AA-CE4599CD883D}.Release|Any CPU.ActiveCfg = Release|Any CPU
		{D0C69B44-6585-44E9-93AA-CE4599CD883D}.Release|Any CPU.Build.0 = Release|Any CPU
		{81C0F998-DA1D-4500-9C62-36BC615D4678}.Debug|Any CPU.ActiveCfg = Debug|Any CPU
		{81C0F998-DA1D-4500-9C62-36BC615D4678}.Debug|Any CPU.Build.0 = Debug|Any CPU
		{81C0F998-DA1D-4500-9C62-36BC615D4678}.Release|Any CPU.ActiveCfg = Release|Any CPU
		{81C0F998-DA1D-4500-9C62-36BC615D4678}.Release|Any CPU.Build.0 = Release|Any CPU
		{B9806E69-CB36-44D9-B11F-5FD6FC9C4370}.Debug|Any CPU.ActiveCfg = Debug|Any CPU
		{B9806E69-CB36-44D9-B11F-5FD6FC9C4370}.Debug|Any CPU.Build.0 = Debug|Any CPU
		{B9806E69-CB36-44D9-B11F-5FD6FC9C4370}.Release|Any CPU.ActiveCfg = Release|Any CPU
		{B9806E69-CB36-44D9-B11F-5FD6FC9C4370}.Release|Any CPU.Build.0 = Release|Any CPU
	EndGlobalSection
	GlobalSection(SolutionProperties) = preSolution
		HideSolutionNode = FALSE
	EndGlobalSection
	GlobalSection(NestedProjects) = preSolution
		{4CC01275-7E69-4822-A338-29290F5F8994} = {C66C88C6-7920-437B-85C8-000A5B0EB5F8}
		{2243FB01-58BC-4DA5-BA25-0206D3788D00} = {C66C88C6-7920-437B-85C8-000A5B0EB5F8}
		{E5D7FC70-A7D3-41A5-91E2-0387E831D08F} = {111DE7A3-ACE4-4B8D-818F-726A3474F4AF}
		{27843A05-C36E-4B72-B1FD-35D9EE0EE9D8} = {0A2EA778-D83E-48AD-926F-0BE60BA7F459}
		{B63FF02C-5536-4587-9D9E-A2B10A81A317} = {1F039DA2-E78E-44E9-8944-F5E5E67300BF}
		{308DF5F2-D393-47D0-8142-77BE9F10F88E} = {981FD58D-2B9E-41BF-A361-124A4E55EFF3}
		{532C1412-0AC2-4E10-8D19-AE674B7DC68B} = {111DE7A3-ACE4-4B8D-818F-726A3474F4AF}
		{00F74563-0F19-43A0-8B89-B1FD6B080020} = {532C1412-0AC2-4E10-8D19-AE674B7DC68B}
		{4185B5ED-CB4C-4DC9-8346-A3120B403681} = {0A2EA778-D83E-48AD-926F-0BE60BA7F459}
		{38A96954-A1E2-404F-88B8-07B3879D7009} = {A862AEC8-9241-441A-B745-1CE0D22431E3}
		{CD4FE1BB-D2C4-441E-BDA4-F039D211A254} = {33A3D664-0FA6-4D76-9EA1-B35FD975A1AD}
		{AE037B1C-8FC7-4977-80A8-5F8B86AA3DB1} = {07D660E7-AF22-4A7E-8FD7-3C2B23B7C652}
		{E2250472-55DF-4E22-8148-9EB135903096} = {07D660E7-AF22-4A7E-8FD7-3C2B23B7C652}
		{5DD134CF-C4A7-44B1-BEEC-E4F04F0EF8A5} = {07D660E7-AF22-4A7E-8FD7-3C2B23B7C652}
		{1466C2C9-A4DC-4F30-8743-7882F7C275C0} = {07D660E7-AF22-4A7E-8FD7-3C2B23B7C652}
		{1AECAB0D-2431-4090-A42B-C9609DA201CF} = {5DD134CF-C4A7-44B1-BEEC-E4F04F0EF8A5}
		{BE4E75CC-3A93-4AFA-8732-0BB586B077B2} = {5DD134CF-C4A7-44B1-BEEC-E4F04F0EF8A5}
		{17E3EF51-7F11-4033-B415-D2A8F90825BE} = {07D660E7-AF22-4A7E-8FD7-3C2B23B7C652}
		{E2A371C1-A53D-421F-A251-45AD316DAF70} = {111DE7A3-ACE4-4B8D-818F-726A3474F4AF}
		{1F039DA2-E78E-44E9-8944-F5E5E67300BF} = {111DE7A3-ACE4-4B8D-818F-726A3474F4AF}
		{A094EA45-E75D-4757-9089-B05CA2E498CB} = {111DE7A3-ACE4-4B8D-818F-726A3474F4AF}
		{A862AEC8-9241-441A-B745-1CE0D22431E3} = {E2A371C1-A53D-421F-A251-45AD316DAF70}
		{981FD58D-2B9E-41BF-A361-124A4E55EFF3} = {E2A371C1-A53D-421F-A251-45AD316DAF70}
		{33A3D664-0FA6-4D76-9EA1-B35FD975A1AD} = {E2A371C1-A53D-421F-A251-45AD316DAF70}
		{0A2EA778-D83E-48AD-926F-0BE60BA7F459} = {E2A371C1-A53D-421F-A251-45AD316DAF70}
		{F6A67912-03D0-4DD8-B39B-00E48BF5861E} = {981FD58D-2B9E-41BF-A361-124A4E55EFF3}
		{F26D64E7-C323-4557-B3CD-A582AA576388} = {981FD58D-2B9E-41BF-A361-124A4E55EFF3}
		{4C8B2BD2-83C3-44A5-BBA6-9B44203B9AA0} = {A862AEC8-9241-441A-B745-1CE0D22431E3}
		{4CBAA34C-274F-421A-AF5E-1E99B9418FD3} = {33A3D664-0FA6-4D76-9EA1-B35FD975A1AD}
		{21EC9D89-B0CA-4868-A298-9DF62309AD27} = {5F06C850-841E-49E0-BE94-E87546743F6C}
		{C66C88C6-7920-437B-85C8-000A5B0EB5F8} = {5F06C850-841E-49E0-BE94-E87546743F6C}
		{A77A1298-4FCE-48A1-B3FE-7330ADD4806E} = {21EC9D89-B0CA-4868-A298-9DF62309AD27}
		{0F484847-8E92-4916-9282-DB026C022677} = {21EC9D89-B0CA-4868-A298-9DF62309AD27}
		{F394116F-DDD5-45FE-8108-0C82E4EDC2FF} = {689D7A53-9E24-4C11-BE56-A8546EE3DE44}
		{AAF69C94-9614-4F40-8211-F3EE29350463} = {D4E69E6B-0CB6-4C63-A5DE-FE87FC3184DF}
		{01BE244E-6F8D-4B04-8584-5221A47EF3CE} = {689D7A53-9E24-4C11-BE56-A8546EE3DE44}
		{689D7A53-9E24-4C11-BE56-A8546EE3DE44} = {21EC9D89-B0CA-4868-A298-9DF62309AD27}
		{D4E69E6B-0CB6-4C63-A5DE-FE87FC3184DF} = {21EC9D89-B0CA-4868-A298-9DF62309AD27}
		{8AC078E9-80FF-4B09-8742-C59BD94EEE85} = {D4E69E6B-0CB6-4C63-A5DE-FE87FC3184DF}
		{84CC43CD-FA2B-45D9-ADDA-2CA1A3845011} = {A094EA45-E75D-4757-9089-B05CA2E498CB}
		{402CF47D-4049-4699-8393-0063798165D2} = {A094EA45-E75D-4757-9089-B05CA2E498CB}
		{2A991ECA-6196-408A-9219-E6E76277EB1A} = {DB1D795E-7E1C-4EE2-9EB9-5668BAAF323A}
		{D65DA0DA-F8C7-49D6-9710-76E1C33A4D78} = {7EEEA492-5516-4640-99DF-6CA78A6B5873}
		{C207BC91-22D4-4088-B17F-A748AC0EE932} = {7EEEA492-5516-4640-99DF-6CA78A6B5873}
		{93A0057F-7264-459D-8616-839EABB0D25D} = {7EEEA492-5516-4640-99DF-6CA78A6B5873}
		{B4D31DC8-E485-461A-B988-2C10C733C46B} = {DB1D795E-7E1C-4EE2-9EB9-5668BAAF323A}
		{7FB2EF13-9320-4CEC-B058-1744E8EA9267} = {EB8CBE3F-CAAB-48A2-87F3-BB6FC3BB139B}
		{7A9EC0ED-9F6B-411D-BE75-F53B7CAA7924} = {EB8CBE3F-CAAB-48A2-87F3-BB6FC3BB139B}
		{C94EF0BA-23CC-4D78-A4EF-B9A1877910F6} = {88C1B005-1F11-4929-80CE-D0A8B5E6CAAA}
		{011EC2EE-4E13-4874-9268-EAE7A8CACE79} = {0F85B9E4-F63B-49CA-890B-5B9C1F5876AA}
		{A7169AED-FCAC-4611-87C1-87B35EE5E3E8} = {C94EF0BA-23CC-4D78-A4EF-B9A1877910F6}
		{88C1B005-1F11-4929-80CE-D0A8B5E6CAAA} = {0F85B9E4-F63B-49CA-890B-5B9C1F5876AA}
		{D0C69B44-6585-44E9-93AA-CE4599CD883D} = {C94EF0BA-23CC-4D78-A4EF-B9A1877910F6}
		{81C0F998-DA1D-4500-9C62-36BC615D4678} = {0F85B9E4-F63B-49CA-890B-5B9C1F5876AA}
		{B9806E69-CB36-44D9-B11F-5FD6FC9C4370} = {0F85B9E4-F63B-49CA-890B-5B9C1F5876AA}
		{7EEEA492-5516-4640-99DF-6CA78A6B5873} = {0F85B9E4-F63B-49CA-890B-5B9C1F5876AA}
		{DB1D795E-7E1C-4EE2-9EB9-5668BAAF323A} = {7EEEA492-5516-4640-99DF-6CA78A6B5873}
	EndGlobalSection
	GlobalSection(ExtensibilityGlobals) = postSolution
		SolutionGuid = {BD5911B5-2DAE-42B4-9AFA-0AEB6844BF59}
	EndGlobalSection
EndGlobal
